
Microsoft Visual Studio Solution File, Format Version 12.00
# Visual Studio Version 17
VisualStudioVersion = 17.0.31919.166
MinimumVisualStudioVersion = 10.0.40219.1
Project("{9A19103F-16F7-4668-BE54-9A1E7A4F7556}") = "HW-Observer", "Observer\HW-Observer.csproj", "{6828002C-4670-4DCE-ADF1-5D3396F6E580}"
EndProject
Project("{9A19103F-16F7-4668-BE54-9A1E7A4F7556}") = "HW-ObserverByEvents", "HW-ObserverByEvents\HW-ObserverByEvents.csproj", "{81D2F667-F3C0-4473-B9FF-EFE136AB2CD9}"
EndProject
Project("{9A19103F-16F7-4668-BE54-9A1E7A4F7556}") = "HW-ObserverByInterfaces", "HW-ObserverByInterfaces\HW-ObserverByInterfaces.csproj", "{C3062B61-0D61-4F8A-A355-576A05E6DCA1}"
EndProject
Global
	GlobalSection(SolutionConfigurationPlatforms) = preSolution
		Debug|Any CPU = Debug|Any CPU
		Release|Any CPU = Release|Any CPU
	EndGlobalSection
	GlobalSection(ProjectConfigurationPlatforms) = postSolution
		{6828002C-4670-4DCE-ADF1-5D3396F6E580}.Debug|Any CPU.ActiveCfg = Debug|Any CPU
		{6828002C-4670-4DCE-ADF1-5D3396F6E580}.Debug|Any CPU.Build.0 = Debug|Any CPU
		{6828002C-4670-4DCE-ADF1-5D3396F6E580}.Release|Any CPU.ActiveCfg = Release|Any CPU
		{6828002C-4670-4DCE-ADF1-5D3396F6E580}.Release|Any CPU.Build.0 = Release|Any CPU
		{81D2F667-F3C0-4473-B9FF-EFE136AB2CD9}.Debug|Any CPU.ActiveCfg = Debug|Any CPU
		{81D2F667-F3C0-4473-B9FF-EFE136AB2CD9}.Debug|Any CPU.Build.0 = Debug|Any CPU
		{81D2F667-F3C0-4473-B9FF-EFE136AB2CD9}.Release|Any CPU.ActiveCfg = Release|Any CPU
		{81D2F667-F3C0-4473-B9FF-EFE136AB2CD9}.Release|Any CPU.Build.0 = Release|Any CPU
		{C3062B61-0D61-4F8A-A355-576A05E6DCA1}.Debug|Any CPU.ActiveCfg = Debug|Any CPU
		{C3062B61-0D61-4F8A-A355-576A05E6DCA1}.Debug|Any CPU.Build.0 = Debug|Any CPU
		{C3062B61-0D61-4F8A-A355-576A05E6DCA1}.Release|Any CPU.ActiveCfg = Release|Any CPU
		{C3062B61-0D61-4F8A-A355-576A05E6DCA1}.Release|Any CPU.Build.0 = Release|Any CPU
	EndGlobalSection
	GlobalSection(SolutionProperties) = preSolution
		HideSolutionNode = FALSE
	EndGlobalSection
	GlobalSection(ExtensibilityGlobals) = postSolution
		SolutionGuid = {26EBAAA7-E759-4205-9508-E9A3140D680A}
	EndGlobalSection
EndGlobal
